
Microsoft Visual Studio Solution File, Format Version 12.00
# Visual Studio Version 17
VisualStudioVersion = 17.1.32407.343
MinimumVisualStudioVersion = 10.0.40219.1
Project("{9A19103F-16F7-4668-BE54-9A1E7A4F7556}") = "Tasker.Core", "Tasker.Core\Tasker.Core.csproj", "{DAD9DA95-8D07-41E5-BFBB-73BF3311CF26}"
EndProject
Project("{9A19103F-16F7-4668-BE54-9A1E7A4F7556}") = "Tasker.Tests", "Tasker.Tests\Tasker.Tests.csproj", "{5ED36C7D-1F61-4D81-9606-82C4BC6573E2}"
EndProject
Project("{9A19103F-16F7-4668-BE54-9A1E7A4F7556}") = "Tasker.Application", "Tasker.Application\Tasker.Application.csproj", "{A9E41DE6-97C7-4A37-9421-AF255AD8EA00}"
EndProject
Project("{2150E333-8FDC-42A3-9474-1A3956D46DE8}") = "Identity", "Identity", "{E06F5D55-D95D-46E1-B382-E96D172BA983}"
EndProject
Project("{9A19103F-16F7-4668-BE54-9A1E7A4F7556}") = "Tasker.Identity.Application", "Tasker.Identity.Application\Tasker.Identity.Application.csproj", "{4C778962-CE82-4941-91E6-11240469ECC7}"
EndProject
Project("{9A19103F-16F7-4668-BE54-9A1E7A4F7556}") = "Tasker.Identity.Infrastructure", "Tasker.Identity.Infrastructure\Tasker.Identity.Infrastructure.csproj", "{33FDA2C4-0366-4695-B403-000ECD976C73}"
EndProject
Project("{FAE04EC0-301F-11D3-BF4B-00C04F79EFBC}") = "Tasker.WebAPI", "Tasker.WebAPI\Tasker.WebAPI.csproj", "{5CE95A32-4FF6-490A-9288-5AED41E46A84}"
EndProject
Global
	GlobalSection(SolutionConfigurationPlatforms) = preSolution
		Debug|Any CPU = Debug|Any CPU
		Release|Any CPU = Release|Any CPU
	EndGlobalSection
	GlobalSection(ProjectConfigurationPlatforms) = postSolution
		{DAD9DA95-8D07-41E5-BFBB-73BF3311CF26}.Debug|Any CPU.ActiveCfg = Debug|Any CPU
		{DAD9DA95-8D07-41E5-BFBB-73BF3311CF26}.Debug|Any CPU.Build.0 = Debug|Any CPU
		{DAD9DA95-8D07-41E5-BFBB-73BF3311CF26}.Release|Any CPU.ActiveCfg = Release|Any CPU
		{DAD9DA95-8D07-41E5-BFBB-73BF3311CF26}.Release|Any CPU.Build.0 = Release|Any CPU
		{5ED36C7D-1F61-4D81-9606-82C4BC6573E2}.Debug|Any CPU.ActiveCfg = Debug|Any CPU
		{5ED36C7D-1F61-4D81-9606-82C4BC6573E2}.Debug|Any CPU.Build.0 = Debug|Any CPU
		{5ED36C7D-1F61-4D81-9606-82C4BC6573E2}.Release|Any CPU.ActiveCfg = Release|Any CPU
		{5ED36C7D-1F61-4D81-9606-82C4BC6573E2}.Release|Any CPU.Build.0 = Release|Any CPU
		{A9E41DE6-97C7-4A37-9421-AF255AD8EA00}.Debug|Any CPU.ActiveCfg = Debug|Any CPU
		{A9E41DE6-97C7-4A37-9421-AF255AD8EA00}.Debug|Any CPU.Build.0 = Debug|Any CPU
		{A9E41DE6-97C7-4A37-9421-AF255AD8EA00}.Release|Any CPU.ActiveCfg = Release|Any CPU
		{A9E41DE6-97C7-4A37-9421-AF255AD8EA00}.Release|Any CPU.Build.0 = Release|Any CPU
		{4C778962-CE82-4941-91E6-11240469ECC7}.Debug|Any CPU.ActiveCfg = Debug|Any CPU
		{4C778962-CE82-4941-91E6-11240469ECC7}.Debug|Any CPU.Build.0 = Debug|Any CPU
		{4C778962-CE82-4941-91E6-11240469ECC7}.Release|Any CPU.ActiveCfg = Release|Any CPU
		{4C778962-CE82-4941-91E6-11240469ECC7}.Release|Any CPU.Build.0 = Release|Any CPU
		{33FDA2C4-0366-4695-B403-000ECD976C73}.Debug|Any CPU.ActiveCfg = Debug|Any CPU
		{33FDA2C4-0366-4695-B403-000ECD976C73}.Debug|Any CPU.Build.0 = Debug|Any CPU
		{33FDA2C4-0366-4695-B403-000ECD976C73}.Release|Any CPU.ActiveCfg = Release|Any CPU
		{33FDA2C4-0366-4695-B403-000ECD976C73}.Release|Any CPU.Build.0 = Release|Any CPU
		{5CE95A32-4FF6-490A-9288-5AED41E46A84}.Debug|Any CPU.ActiveCfg = Debug|Any CPU
		{5CE95A32-4FF6-490A-9288-5AED41E46A84}.Debug|Any CPU.Build.0 = Debug|Any CPU
		{5CE95A32-4FF6-490A-9288-5AED41E46A84}.Release|Any CPU.ActiveCfg = Release|Any CPU
		{5CE95A32-4FF6-490A-9288-5AED41E46A84}.Release|Any CPU.Build.0 = Release|Any CPU
	EndGlobalSection
	GlobalSection(SolutionProperties) = preSolution
		HideSolutionNode = FALSE
	EndGlobalSection
	GlobalSection(NestedProjects) = preSolution
		{4C778962-CE82-4941-91E6-11240469ECC7} = {E06F5D55-D95D-46E1-B382-E96D172BA983}
		{33FDA2C4-0366-4695-B403-000ECD976C73} = {E06F5D55-D95D-46E1-B382-E96D172BA983}
	EndGlobalSection
	GlobalSection(ExtensibilityGlobals) = postSolution
		SolutionGuid = {9B11A0CA-2338-42B5-8B2C-6EF19F0980AC}
	EndGlobalSection
EndGlobal
